
Microsoft Visual Studio Solution File, Format Version 12.00
# Visual Studio Version 17
VisualStudioVersion = 17.14.36109.1 d17.14
MinimumVisualStudioVersion = 10.0.40219.1
Project("{FAE04EC0-301F-11D3-BF4B-00C04F79EFBC}") = "Nss.ApiService", "Nss.ApiService\Nss.ApiService.csproj", "{F90FC2A4-42FD-42CB-9BBD-D9DC11F3EC62}"
EndProject
Project("{FAE04EC0-301F-11D3-BF4B-00C04F79EFBC}") = "Nss.ConsoleApp", "Nss.ConsoleApp\Nss.ConsoleApp.csproj", "{BD3AF264-A386-4924-9EBA-6DC4B2DA7AD2}"
EndProject
Project("{FAE04EC0-301F-11D3-BF4B-00C04F79EFBC}") = "Nss.McpServer", "Nss.McpServer\Nss.McpServer.csproj", "{941FDB17-B03B-4595-9E2F-0B0395703F98}"
EndProject
Global
	GlobalSection(SolutionConfigurationPlatforms) = preSolution
		Debug|Any CPU = Debug|Any CPU
		Release|Any CPU = Release|Any CPU
	EndGlobalSection
	GlobalSection(ProjectConfigurationPlatforms) = postSolution
		{F90FC2A4-42FD-42CB-9BBD-D9DC11F3EC62}.Debug|Any CPU.ActiveCfg = Debug|Any CPU
		{F90FC2A4-42FD-42CB-9BBD-D9DC11F3EC62}.Debug|Any CPU.Build.0 = Debug|Any CPU
		{F90FC2A4-42FD-42CB-9BBD-D9DC11F3EC62}.Release|Any CPU.ActiveCfg = Release|Any CPU
		{F90FC2A4-42FD-42CB-9BBD-D9DC11F3EC62}.Release|Any CPU.Build.0 = Release|Any CPU
		{BD3AF264-A386-4924-9EBA-6DC4B2DA7AD2}.Debug|Any CPU.ActiveCfg = Debug|Any CPU
		{BD3AF264-A386-4924-9EBA-6DC4B2DA7AD2}.Debug|Any CPU.Build.0 = Debug|Any CPU
		{BD3AF264-A386-4924-9EBA-6DC4B2DA7AD2}.Release|Any CPU.ActiveCfg = Release|Any CPU
		{BD3AF264-A386-4924-9EBA-6DC4B2DA7AD2}.Release|Any CPU.Build.0 = Release|Any CPU
		{941FDB17-B03B-4595-9E2F-0B0395703F98}.Debug|Any CPU.ActiveCfg = Debug|Any CPU
		{941FDB17-B03B-4595-9E2F-0B0395703F98}.Debug|Any CPU.Build.0 = Debug|Any CPU
		{941FDB17-B03B-4595-9E2F-0B0395703F98}.Release|Any CPU.ActiveCfg = Release|Any CPU
		{941FDB17-B03B-4595-9E2F-0B0395703F98}.Release|Any CPU.Build.0 = Release|Any CPU
	EndGlobalSection
	GlobalSection(SolutionProperties) = preSolution
		HideSolutionNode = FALSE
	EndGlobalSection
EndGlobal
